
Microsoft Visual Studio Solution File, Format Version 12.00
# Visual Studio Version 17
VisualStudioVersion = 17.3.32811.315
MinimumVisualStudioVersion = 10.0.40219.1
Project("{8BC9CEB8-8B4A-11D0-8D11-00A0C91BC942}") = "PKNU_DS_02", "PKNU_DS_02\PKNU_DS_02.vcxproj", "{4729B7B1-33E9-486F-9F60-54A0B7229FDA}"
EndProject
Global
	GlobalSection(SolutionConfigurationPlatforms) = preSolution
		Debug|x64 = Debug|x64
		Debug|x86 = Debug|x86
		Release|x64 = Release|x64
		Release|x86 = Release|x86
	EndGlobalSection
	GlobalSection(ProjectConfigurationPlatforms) = postSolution
		{4729B7B1-33E9-486F-9F60-54A0B7229FDA}.Debug|x64.ActiveCfg = Debug|x64
		{4729B7B1-33E9-486F-9F60-54A0B7229FDA}.Debug|x64.Build.0 = Debug|x64
		{4729B7B1-33E9-486F-9F60-54A0B7229FDA}.Debug|x86.ActiveCfg = Debug|Win32
		{4729B7B1-33E9-486F-9F60-54A0B7229FDA}.Debug|x86.Build.0 = Debug|Win32
		{4729B7B1-33E9-486F-9F60-54A0B7229FDA}.Release|x64.ActiveCfg = Release|x64
		{4729B7B1-33E9-486F-9F60-54A0B7229FDA}.Release|x64.Build.0 = Release|x64
		{4729B7B1-33E9-486F-9F60-54A0B7229FDA}.Release|x86.ActiveCfg = Release|Win32
		{4729B7B1-33E9-486F-9F60-54A0B7229FDA}.Release|x86.Build.0 = Release|Win32
	EndGlobalSection
	GlobalSection(SolutionProperties) = preSolution
		HideSolutionNode = FALSE
	EndGlobalSection
	GlobalSection(ExtensibilityGlobals) = postSolution
		SolutionGuid = {88B8E34B-A112-4B92-9330-7FA08C3D034B}
	EndGlobalSection
EndGlobal
